
Microsoft Visual Studio Solution File, Format Version 12.00
# Visual Studio Version 17
VisualStudioVersion = 17.14.36623.8 d17.14
MinimumVisualStudioVersion = 10.0.40219.1
Project("{FAE04EC0-301F-11D3-BF4B-00C04F79EFBC}") = "BlazorApp", "BlazorApp.csproj", "{B85F8537-9241-4BBF-A330-A9CDCAEFC6BC}"
EndProject
Global
	GlobalSection(SolutionConfigurationPlatforms) = preSolution
		Debug|Any CPU = Debug|Any CPU
		Release|Any CPU = Release|Any CPU
	EndGlobalSection
	GlobalSection(ProjectConfigurationPlatforms) = postSolution
		{B85F8537-9241-4BBF-A330-A9CDCAEFC6BC}.Debug|Any CPU.ActiveCfg = Debug|Any CPU
		{B85F8537-9241-4BBF-A330-A9CDCAEFC6BC}.Debug|Any CPU.Build.0 = Debug|Any CPU
		{B85F8537-9241-4BBF-A330-A9CDCAEFC6BC}.Release|Any CPU.ActiveCfg = Release|Any CPU
		{B85F8537-9241-4BBF-A330-A9CDCAEFC6BC}.Release|Any CPU.Build.0 = Release|Any CPU
	EndGlobalSection
	GlobalSection(SolutionProperties) = preSolution
		HideSolutionNode = FALSE
	EndGlobalSection
	GlobalSection(ExtensibilityGlobals) = postSolution
		SolutionGuid = {3C46B59B-2331-43AF-825C-9D2D0C7A999B}
	EndGlobalSection
EndGlobal
